// !$*UTF8*$!
{
	archiveVersion = 1;
	classes = {
	};
	objectVersion = 51;
	objects = {

/* Begin PBXBuildFile section */
		07C9C36C6519BF9858BC673A /* Pods_RxSwiftChatSample.framework in Frameworks */ = {isa = PBXBuildFile; fileRef = B7A928E7E2EAAA5EA3CA68FB /* Pods_RxSwiftChatSample.framework */; };
		5D151B8E22C4DE010095C8FC /* AppDelegate.swift in Sources */ = {isa = PBXBuildFile; fileRef = 5D151B8D22C4DE010095C8FC /* AppDelegate.swift */; };
		5D151B9022C4DE010095C8FC /* ViewController.swift in Sources */ = {isa = PBXBuildFile; fileRef = 5D151B8F22C4DE010095C8FC /* ViewController.swift */; };
		5D151B9322C4DE010095C8FC /* Main.storyboard in Resources */ = {isa = PBXBuildFile; fileRef = 5D151B9122C4DE010095C8FC /* Main.storyboard */; };
		5D151B9522C4DE020095C8FC /* Assets.xcassets in Resources */ = {isa = PBXBuildFile; fileRef = 5D151B9422C4DE020095C8FC /* Assets.xcassets */; };
		5D151B9822C4DE020095C8FC /* LaunchScreen.storyboard in Resources */ = {isa = PBXBuildFile; fileRef = 5D151B9622C4DE020095C8FC /* LaunchScreen.storyboard */; };
		5D151BA322C4DE020095C8FC /* RxSwiftChatSampleTests.swift in Sources */ = {isa = PBXBuildFile; fileRef = 5D151BA222C4DE020095C8FC /* RxSwiftChatSampleTests.swift */; };
		5D151BB222C4E01B0095C8FC /* ErrorAlertEnable.swift in Sources */ = {isa = PBXBuildFile; fileRef = 5D151BAE22C4E01B0095C8FC /* ErrorAlertEnable.swift */; };
		5D151BB322C4E01B0095C8FC /* Protocols.swift in Sources */ = {isa = PBXBuildFile; fileRef = 5D151BAF22C4E01B0095C8FC /* Protocols.swift */; };
		5D151BB422C4E01B0095C8FC /* ProgressHudEnable.swift in Sources */ = {isa = PBXBuildFile; fileRef = 5D151BB022C4E01B0095C8FC /* ProgressHudEnable.swift */; };
		5D151BB522C4E01B0095C8FC /* ActivityIndicator.swift in Sources */ = {isa = PBXBuildFile; fileRef = 5D151BB122C4E01B0095C8FC /* ActivityIndicator.swift */; };
		5D151BB722C4E02A0095C8FC /* GoogleService-Info.plist in Resources */ = {isa = PBXBuildFile; fileRef = 5D151BB622C4E02A0095C8FC /* GoogleService-Info.plist */; };
		5D151BBF22C4E0490095C8FC /* Message.storyboard in Resources */ = {isa = PBXBuildFile; fileRef = 5D151BBA22C4E0490095C8FC /* Message.storyboard */; };
		5D151BC022C4E0490095C8FC /* MessageViewController.swift in Sources */ = {isa = PBXBuildFile; fileRef = 5D151BBB22C4E0490095C8FC /* MessageViewController.swift */; };
		5D151BC122C4E0490095C8FC /* MessageCell.swift in Sources */ = {isa = PBXBuildFile; fileRef = 5D151BBC22C4E0490095C8FC /* MessageCell.swift */; };
		5D151BC222C4E0490095C8FC /* InputToolbar.xib in Resources */ = {isa = PBXBuildFile; fileRef = 5D151BBD22C4E0490095C8FC /* InputToolbar.xib */; };
		5D151BC322C4E0490095C8FC /* InputToolbarView.swift in Sources */ = {isa = PBXBuildFile; fileRef = 5D151BBE22C4E0490095C8FC /* InputToolbarView.swift */; };
		5D151BC722C4E05B0095C8FC /* MessageViewModel.swift in Sources */ = {isa = PBXBuildFile; fileRef = 5D151BC522C4E05B0095C8FC /* MessageViewModel.swift */; };
		5D151BC822C4E05B0095C8FC /* InputToolbarViewModel.swift in Sources */ = {isa = PBXBuildFile; fileRef = 5D151BC622C4E05B0095C8FC /* InputToolbarViewModel.swift */; };
		5D151BCD22C4E06A0095C8FC /* MessageListener.swift in Sources */ = {isa = PBXBuildFile; fileRef = 5D151BCA22C4E0690095C8FC /* MessageListener.swift */; };
		5D151BCE22C4E06A0095C8FC /* Message.swift in Sources */ = {isa = PBXBuildFile; fileRef = 5D151BCB22C4E06A0095C8FC /* Message.swift */; };
		5D151BCF22C4E06A0095C8FC /* PostDefaultAPI.swift in Sources */ = {isa = PBXBuildFile; fileRef = 5D151BCC22C4E06A0095C8FC /* PostDefaultAPI.swift */; };
		5D151BD422C4E0940095C8FC /* SignUpViewController.swift in Sources */ = {isa = PBXBuildFile; fileRef = 5D151BD222C4E0940095C8FC /* SignUpViewController.swift */; };
		5D151BD522C4E0940095C8FC /* SignUp.storyboard in Resources */ = {isa = PBXBuildFile; fileRef = 5D151BD322C4E0940095C8FC /* SignUp.storyboard */; };
		5D151BD922C4E0A20095C8FC /* SignUpValidator.swift in Sources */ = {isa = PBXBuildFile; fileRef = 5D151BD722C4E0A20095C8FC /* SignUpValidator.swift */; };
		5D151BDA22C4E0A20095C8FC /* SignUpDefaultAPI.swift in Sources */ = {isa = PBXBuildFile; fileRef = 5D151BD822C4E0A20095C8FC /* SignUpDefaultAPI.swift */; };
		5D151BDD22C4E0B00095C8FC /* SignUpViewModel.swift in Sources */ = {isa = PBXBuildFile; fileRef = 5D151BDC22C4E0B00095C8FC /* SignUpViewModel.swift */; };
		5D3CAEBE22C5D834007CE809 /* CurrentUser.swift in Sources */ = {isa = PBXBuildFile; fileRef = 5D3CAEBD22C5D834007CE809 /* CurrentUser.swift */; };
		FBBF2045FE0183B803785EAE /* Pods_RxSwiftChatSampleTests.framework in Frameworks */ = {isa = PBXBuildFile; fileRef = 9800EDFF716826D6F19C56B6 /* Pods_RxSwiftChatSampleTests.framework */; };
/* End PBXBuildFile section */

/* Begin PBXContainerItemProxy section */
		5D151B9F22C4DE020095C8FC /* PBXContainerItemProxy */ = {
			isa = PBXContainerItemProxy;
			containerPortal = 5D151B8222C4DE010095C8FC /* Project object */;
			proxyType = 1;
			remoteGlobalIDString = 5D151B8922C4DE010095C8FC;
			remoteInfo = RxSwiftChatSample;
		};
/* End PBXContainerItemProxy section */

/* Begin PBXFileReference section */
		4BDA82CEC2F90516CFEC85C1 /* Pods-RxSwiftChatSampleTests.debug.xcconfig */ = {isa = PBXFileReference; includeInIndex = 1; lastKnownFileType = text.xcconfig; name = "Pods-RxSwiftChatSampleTests.debug.xcconfig"; path = "Pods/Target Support Files/Pods-RxSwiftChatSampleTests/Pods-RxSwiftChatSampleTests.debug.xcconfig"; sourceTree = "<group>"; };
		5BE395CC33EEFAF0AE66FBAC /* Pods-RxSwiftChatSampleTests.release.xcconfig */ = {isa = PBXFileReference; includeInIndex = 1; lastKnownFileType = text.xcconfig; name = "Pods-RxSwiftChatSampleTests.release.xcconfig"; path = "Pods/Target Support Files/Pods-RxSwiftChatSampleTests/Pods-RxSwiftChatSampleTests.release.xcconfig"; sourceTree = "<group>"; };
		5D151B8A22C4DE010095C8FC /* RxSwiftChatSample.app */ = {isa = PBXFileReference; explicitFileType = wrapper.application; includeInIndex = 0; path = RxSwiftChatSample.app; sourceTree = BUILT_PRODUCTS_DIR; };
		5D151B8D22C4DE010095C8FC /* AppDelegate.swift */ = {isa = PBXFileReference; lastKnownFileType = sourcecode.swift; path = AppDelegate.swift; sourceTree = "<group>"; };
		5D151B8F22C4DE010095C8FC /* ViewController.swift */ = {isa = PBXFileReference; lastKnownFileType = sourcecode.swift; path = ViewController.swift; sourceTree = "<group>"; };
		5D151B9222C4DE010095C8FC /* Base */ = {isa = PBXFileReference; lastKnownFileType = file.storyboard; name = Base; path = Base.lproj/Main.storyboard; sourceTree = "<group>"; };
		5D151B9422C4DE020095C8FC /* Assets.xcassets */ = {isa = PBXFileReference; lastKnownFileType = folder.assetcatalog; path = Assets.xcassets; sourceTree = "<group>"; };
		5D151B9722C4DE020095C8FC /* Base */ = {isa = PBXFileReference; lastKnownFileType = file.storyboard; name = Base; path = Base.lproj/LaunchScreen.storyboard; sourceTree = "<group>"; };
		5D151B9922C4DE020095C8FC /* Info.plist */ = {isa = PBXFileReference; lastKnownFileType = text.plist.xml; path = Info.plist; sourceTree = "<group>"; };
		5D151B9E22C4DE020095C8FC /* RxSwiftChatSampleTests.xctest */ = {isa = PBXFileReference; explicitFileType = wrapper.cfbundle; includeInIndex = 0; path = RxSwiftChatSampleTests.xctest; sourceTree = BUILT_PRODUCTS_DIR; };
		5D151BA222C4DE020095C8FC /* RxSwiftChatSampleTests.swift */ = {isa = PBXFileReference; lastKnownFileType = sourcecode.swift; path = RxSwiftChatSampleTests.swift; sourceTree = "<group>"; };
		5D151BA422C4DE020095C8FC /* Info.plist */ = {isa = PBXFileReference; lastKnownFileType = text.plist.xml; path = Info.plist; sourceTree = "<group>"; };
		5D151BAE22C4E01B0095C8FC /* ErrorAlertEnable.swift */ = {isa = PBXFileReference; fileEncoding = 4; lastKnownFileType = sourcecode.swift; path = ErrorAlertEnable.swift; sourceTree = "<group>"; };
		5D151BAF22C4E01B0095C8FC /* Protocols.swift */ = {isa = PBXFileReference; fileEncoding = 4; lastKnownFileType = sourcecode.swift; path = Protocols.swift; sourceTree = "<group>"; };
		5D151BB022C4E01B0095C8FC /* ProgressHudEnable.swift */ = {isa = PBXFileReference; fileEncoding = 4; lastKnownFileType = sourcecode.swift; path = ProgressHudEnable.swift; sourceTree = "<group>"; };
		5D151BB122C4E01B0095C8FC /* ActivityIndicator.swift */ = {isa = PBXFileReference; fileEncoding = 4; lastKnownFileType = sourcecode.swift; path = ActivityIndicator.swift; sourceTree = "<group>"; };
		5D151BB622C4E02A0095C8FC /* GoogleService-Info.plist */ = {isa = PBXFileReference; fileEncoding = 4; lastKnownFileType = text.plist.xml; path = "GoogleService-Info.plist"; sourceTree = "<group>"; };
		5D151BBA22C4E0490095C8FC /* Message.storyboard */ = {isa = PBXFileReference; fileEncoding = 4; lastKnownFileType = file.storyboard; path = Message.storyboard; sourceTree = "<group>"; };
		5D151BBB22C4E0490095C8FC /* MessageViewController.swift */ = {isa = PBXFileReference; fileEncoding = 4; lastKnownFileType = sourcecode.swift; path = MessageViewController.swift; sourceTree = "<group>"; };
		5D151BBC22C4E0490095C8FC /* MessageCell.swift */ = {isa = PBXFileReference; fileEncoding = 4; lastKnownFileType = sourcecode.swift; path = MessageCell.swift; sourceTree = "<group>"; };
		5D151BBD22C4E0490095C8FC /* InputToolbar.xib */ = {isa = PBXFileReference; fileEncoding = 4; lastKnownFileType = file.xib; path = InputToolbar.xib; sourceTree = "<group>"; };
		5D151BBE22C4E0490095C8FC /* InputToolbarView.swift */ = {isa = PBXFileReference; fileEncoding = 4; lastKnownFileType = sourcecode.swift; path = InputToolbarView.swift; sourceTree = "<group>"; };
		5D151BC522C4E05B0095C8FC /* MessageViewModel.swift */ = {isa = PBXFileReference; fileEncoding = 4; lastKnownFileType = sourcecode.swift; path = MessageViewModel.swift; sourceTree = "<group>"; };
		5D151BC622C4E05B0095C8FC /* InputToolbarViewModel.swift */ = {isa = PBXFileReference; fileEncoding = 4; lastKnownFileType = sourcecode.swift; path = InputToolbarViewModel.swift; sourceTree = "<group>"; };
		5D151BCA22C4E0690095C8FC /* MessageListener.swift */ = {isa = PBXFileReference; fileEncoding = 4; lastKnownFileType = sourcecode.swift; path = MessageListener.swift; sourceTree = "<group>"; };
		5D151BCB22C4E06A0095C8FC /* Message.swift */ = {isa = PBXFileReference; fileEncoding = 4; lastKnownFileType = sourcecode.swift; path = Message.swift; sourceTree = "<group>"; };
		5D151BCC22C4E06A0095C8FC /* PostDefaultAPI.swift */ = {isa = PBXFileReference; fileEncoding = 4; lastKnownFileType = sourcecode.swift; path = PostDefaultAPI.swift; sourceTree = "<group>"; };
		5D151BD222C4E0940095C8FC /* SignUpViewController.swift */ = {isa = PBXFileReference; fileEncoding = 4; lastKnownFileType = sourcecode.swift; path = SignUpViewController.swift; sourceTree = "<group>"; };
		5D151BD322C4E0940095C8FC /* SignUp.storyboard */ = {isa = PBXFileReference; fileEncoding = 4; lastKnownFileType = file.storyboard; path = SignUp.storyboard; sourceTree = "<group>"; };
		5D151BD722C4E0A20095C8FC /* SignUpValidator.swift */ = {isa = PBXFileReference; fileEncoding = 4; lastKnownFileType = sourcecode.swift; path = SignUpValidator.swift; sourceTree = "<group>"; };
		5D151BD822C4E0A20095C8FC /* SignUpDefaultAPI.swift */ = {isa = PBXFileReference; fileEncoding = 4; lastKnownFileType = sourcecode.swift; path = SignUpDefaultAPI.swift; sourceTree = "<group>"; };
		5D151BDC22C4E0B00095C8FC /* SignUpViewModel.swift */ = {isa = PBXFileReference; fileEncoding = 4; lastKnownFileType = sourcecode.swift; path = SignUpViewModel.swift; sourceTree = "<group>"; };
		5D3CAEBD22C5D834007CE809 /* CurrentUser.swift */ = {isa = PBXFileReference; lastKnownFileType = sourcecode.swift; path = CurrentUser.swift; sourceTree = "<group>"; };
		5D41F67B22C512CD0027FE8F /* README.md */ = {isa = PBXFileReference; lastKnownFileType = net.daringfireball.markdown; path = README.md; sourceTree = "<group>"; };
		9800EDFF716826D6F19C56B6 /* Pods_RxSwiftChatSampleTests.framework */ = {isa = PBXFileReference; explicitFileType = wrapper.framework; includeInIndex = 0; path = Pods_RxSwiftChatSampleTests.framework; sourceTree = BUILT_PRODUCTS_DIR; };
		B7A928E7E2EAAA5EA3CA68FB /* Pods_RxSwiftChatSample.framework */ = {isa = PBXFileReference; explicitFileType = wrapper.framework; includeInIndex = 0; path = Pods_RxSwiftChatSample.framework; sourceTree = BUILT_PRODUCTS_DIR; };
		E66678813FADEF88057C1890 /* Pods-RxSwiftChatSample.release.xcconfig */ = {isa = PBXFileReference; includeInIndex = 1; lastKnownFileType = text.xcconfig; name = "Pods-RxSwiftChatSample.release.xcconfig"; path = "Pods/Target Support Files/Pods-RxSwiftChatSample/Pods-RxSwiftChatSample.release.xcconfig"; sourceTree = "<group>"; };
		EBA849719050CED0484216E9 /* Pods-RxSwiftChatSample.debug.xcconfig */ = {isa = PBXFileReference; includeInIndex = 1; lastKnownFileType = text.xcconfig; name = "Pods-RxSwiftChatSample.debug.xcconfig"; path = "Pods/Target Support Files/Pods-RxSwiftChatSample/Pods-RxSwiftChatSample.debug.xcconfig"; sourceTree = "<group>"; };
/* End PBXFileReference section */

/* Begin PBXFrameworksBuildPhase section */
		5D151B8722C4DE010095C8FC /* Frameworks */ = {
			isa = PBXFrameworksBuildPhase;
			buildActionMask = 2147483647;
			files = (
				07C9C36C6519BF9858BC673A /* Pods_RxSwiftChatSample.framework in Frameworks */,
			);
			runOnlyForDeploymentPostprocessing = 0;
		};
		5D151B9B22C4DE020095C8FC /* Frameworks */ = {
			isa = PBXFrameworksBuildPhase;
			buildActionMask = 2147483647;
			files = (
				FBBF2045FE0183B803785EAE /* Pods_RxSwiftChatSampleTests.framework in Frameworks */,
			);
			runOnlyForDeploymentPostprocessing = 0;
		};
/* End PBXFrameworksBuildPhase section */

/* Begin PBXGroup section */
		5D151B8122C4DE010095C8FC = {
			isa = PBXGroup;
			children = (
				5D41F67B22C512CD0027FE8F /* README.md */,
				5D151B8C22C4DE010095C8FC /* RxSwiftChatSample */,
				5D151BA122C4DE020095C8FC /* RxSwiftChatSampleTests */,
				5D151B8B22C4DE010095C8FC /* Products */,
				F8FEAD854142320B649A939D /* Pods */,
				77D78AADD92593953C411481 /* Frameworks */,
			);
			sourceTree = "<group>";
		};
		5D151B8B22C4DE010095C8FC /* Products */ = {
			isa = PBXGroup;
			children = (
				5D151B8A22C4DE010095C8FC /* RxSwiftChatSample.app */,
				5D151B9E22C4DE020095C8FC /* RxSwiftChatSampleTests.xctest */,
			);
			name = Products;
			sourceTree = "<group>";
		};
		5D151B8C22C4DE010095C8FC /* RxSwiftChatSample */ = {
			isa = PBXGroup;
			children = (
				5D151BD022C4E0720095C8FC /* SignUp */,
				5D151BB822C4E0350095C8FC /* Message */,
				5D151BB622C4E02A0095C8FC /* GoogleService-Info.plist */,
				5D151BAD22C4E00F0095C8FC /* Protocols */,
				5D151B8D22C4DE010095C8FC /* AppDelegate.swift */,
				5D151B8F22C4DE010095C8FC /* ViewController.swift */,
				5D151B9122C4DE010095C8FC /* Main.storyboard */,
				5D151B9422C4DE020095C8FC /* Assets.xcassets */,
				5D151B9622C4DE020095C8FC /* LaunchScreen.storyboard */,
				5D151B9922C4DE020095C8FC /* Info.plist */,
			);
			path = RxSwiftChatSample;
			sourceTree = "<group>";
		};
		5D151BA122C4DE020095C8FC /* RxSwiftChatSampleTests */ = {
			isa = PBXGroup;
			children = (
				5D151BA222C4DE020095C8FC /* RxSwiftChatSampleTests.swift */,
				5D151BA422C4DE020095C8FC /* Info.plist */,
			);
			path = RxSwiftChatSampleTests;
			sourceTree = "<group>";
		};
		5D151BAD22C4E00F0095C8FC /* Protocols */ = {
			isa = PBXGroup;
			children = (
				5D151BB122C4E01B0095C8FC /* ActivityIndicator.swift */,
				5D151BAE22C4E01B0095C8FC /* ErrorAlertEnable.swift */,
				5D151BB022C4E01B0095C8FC /* ProgressHudEnable.swift */,
				5D151BAF22C4E01B0095C8FC /* Protocols.swift */,
			);
			path = Protocols;
			sourceTree = "<group>";
		};
		5D151BB822C4E0350095C8FC /* Message */ = {
			isa = PBXGroup;
			children = (
				5D151BC922C4E05F0095C8FC /* Model */,
				5D151BC422C4E04E0095C8FC /* ViewModel */,
				5D151BB922C4E03C0095C8FC /* View */,
			);
			path = Message;
			sourceTree = "<group>";
		};
		5D151BB922C4E03C0095C8FC /* View */ = {
			isa = PBXGroup;
			children = (
				5D151BBD22C4E0490095C8FC /* InputToolbar.xib */,
				5D151BBE22C4E0490095C8FC /* InputToolbarView.swift */,
				5D151BBA22C4E0490095C8FC /* Message.storyboard */,
				5D151BBC22C4E0490095C8FC /* MessageCell.swift */,
				5D151BBB22C4E0490095C8FC /* MessageViewController.swift */,
			);
			path = View;
			sourceTree = "<group>";
		};
		5D151BC422C4E04E0095C8FC /* ViewModel */ = {
			isa = PBXGroup;
			children = (
				5D151BC622C4E05B0095C8FC /* InputToolbarViewModel.swift */,
				5D151BC522C4E05B0095C8FC /* MessageViewModel.swift */,
			);
			path = ViewModel;
			sourceTree = "<group>";
		};
		5D151BC922C4E05F0095C8FC /* Model */ = {
			isa = PBXGroup;
			children = (
				5D151BCB22C4E06A0095C8FC /* Message.swift */,
				5D151BCA22C4E0690095C8FC /* MessageListener.swift */,
				5D151BCC22C4E06A0095C8FC /* PostDefaultAPI.swift */,
			);
			path = Model;
			sourceTree = "<group>";
		};
		5D151BD022C4E0720095C8FC /* SignUp */ = {
			isa = PBXGroup;
			children = (
				5D151BDB22C4E0A60095C8FC /* ViewModel */,
				5D151BD622C4E0980095C8FC /* Model */,
				5D151BD122C4E08B0095C8FC /* View */,
			);
			path = SignUp;
			sourceTree = "<group>";
		};
		5D151BD122C4E08B0095C8FC /* View */ = {
			isa = PBXGroup;
			children = (
				5D151BD322C4E0940095C8FC /* SignUp.storyboard */,
				5D151BD222C4E0940095C8FC /* SignUpViewController.swift */,
			);
			path = View;
			sourceTree = "<group>";
		};
		5D151BD622C4E0980095C8FC /* Model */ = {
			isa = PBXGroup;
			children = (
				5D151BD722C4E0A20095C8FC /* SignUpValidator.swift */,
				5D151BD822C4E0A20095C8FC /* SignUpDefaultAPI.swift */,
				5D3CAEBD22C5D834007CE809 /* CurrentUser.swift */,
			);
			path = Model;
			sourceTree = "<group>";
		};
		5D151BDB22C4E0A60095C8FC /* ViewModel */ = {
			isa = PBXGroup;
			children = (
				5D151BDC22C4E0B00095C8FC /* SignUpViewModel.swift */,
			);
			path = ViewModel;
			sourceTree = "<group>";
		};
		77D78AADD92593953C411481 /* Frameworks */ = {
			isa = PBXGroup;
			children = (
				B7A928E7E2EAAA5EA3CA68FB /* Pods_RxSwiftChatSample.framework */,
				9800EDFF716826D6F19C56B6 /* Pods_RxSwiftChatSampleTests.framework */,
			);
			name = Frameworks;
			sourceTree = "<group>";
		};
		F8FEAD854142320B649A939D /* Pods */ = {
			isa = PBXGroup;
			children = (
				EBA849719050CED0484216E9 /* Pods-RxSwiftChatSample.debug.xcconfig */,
				E66678813FADEF88057C1890 /* Pods-RxSwiftChatSample.release.xcconfig */,
				4BDA82CEC2F90516CFEC85C1 /* Pods-RxSwiftChatSampleTests.debug.xcconfig */,
				5BE395CC33EEFAF0AE66FBAC /* Pods-RxSwiftChatSampleTests.release.xcconfig */,
			);
			name = Pods;
			sourceTree = "<group>";
		};
/* End PBXGroup section */

/* Begin PBXNativeTarget section */
		5D151B8922C4DE010095C8FC /* RxSwiftChatSample */ = {
			isa = PBXNativeTarget;
			buildConfigurationList = 5D151BA722C4DE020095C8FC /* Build configuration list for PBXNativeTarget "RxSwiftChatSample" */;
			buildPhases = (
				851B1560A76E1D1D4A6C3639 /* [CP] Check Pods Manifest.lock */,
				5D151B8622C4DE010095C8FC /* Sources */,
				5D151B8722C4DE010095C8FC /* Frameworks */,
				5D151B8822C4DE010095C8FC /* Resources */,
				26B0855868BFC4387224456E /* [CP] Embed Pods Frameworks */,
				9933FC1AF7C5BD215634AC24 /* [CP] Copy Pods Resources */,
			);
			buildRules = (
			);
			dependencies = (
			);
			name = RxSwiftChatSample;
			productName = RxSwiftChatSample;
			productReference = 5D151B8A22C4DE010095C8FC /* RxSwiftChatSample.app */;
			productType = "com.apple.product-type.application";
		};
		5D151B9D22C4DE020095C8FC /* RxSwiftChatSampleTests */ = {
			isa = PBXNativeTarget;
			buildConfigurationList = 5D151BAA22C4DE020095C8FC /* Build configuration list for PBXNativeTarget "RxSwiftChatSampleTests" */;
			buildPhases = (
				B4848F84868BCC22F960A32E /* [CP] Check Pods Manifest.lock */,
				5D151B9A22C4DE020095C8FC /* Sources */,
				5D151B9B22C4DE020095C8FC /* Frameworks */,
				5D151B9C22C4DE020095C8FC /* Resources */,
				EA3226EE320B9797BEC8A83A /* [CP] Embed Pods Frameworks */,
				360F217976C8AE721D0759B8 /* [CP] Copy Pods Resources */,
			);
			buildRules = (
			);
			dependencies = (
				5D151BA022C4DE020095C8FC /* PBXTargetDependency */,
			);
			name = RxSwiftChatSampleTests;
			productName = RxSwiftChatSampleTests;
			productReference = 5D151B9E22C4DE020095C8FC /* RxSwiftChatSampleTests.xctest */;
			productType = "com.apple.product-type.bundle.unit-test";
		};
/* End PBXNativeTarget section */

/* Begin PBXProject section */
		5D151B8222C4DE010095C8FC /* Project object */ = {
			isa = PBXProject;
			attributes = {
				LastSwiftUpdateCheck = 1010;
				LastUpgradeCheck = 1010;
				ORGANIZATIONNAME = "Bunguu inc.";
				TargetAttributes = {
					5D151B8922C4DE010095C8FC = {
						CreatedOnToolsVersion = 10.1;
					};
					5D151B9D22C4DE020095C8FC = {
						CreatedOnToolsVersion = 10.1;
						TestTargetID = 5D151B8922C4DE010095C8FC;
					};
				};
			};
			buildConfigurationList = 5D151B8522C4DE010095C8FC /* Build configuration list for PBXProject "RxSwiftChatSample" */;
			compatibilityVersion = "Xcode 9.3";
			developmentRegion = en;
			hasScannedForEncodings = 0;
			knownRegions = (
				en,
				Base,
			);
			mainGroup = 5D151B8122C4DE010095C8FC;
			productRefGroup = 5D151B8B22C4DE010095C8FC /* Products */;
			projectDirPath = "";
			projectRoot = "";
			targets = (
				5D151B8922C4DE010095C8FC /* RxSwiftChatSample */,
				5D151B9D22C4DE020095C8FC /* RxSwiftChatSampleTests */,
			);
		};
/* End PBXProject section */

/* Begin PBXResourcesBuildPhase section */
		5D151B8822C4DE010095C8FC /* Resources */ = {
			isa = PBXResourcesBuildPhase;
			buildActionMask = 2147483647;
			files = (
				5D151B9822C4DE020095C8FC /* LaunchScreen.storyboard in Resources */,
				5D151BB722C4E02A0095C8FC /* GoogleService-Info.plist in Resources */,
				5D151BC222C4E0490095C8FC /* InputToolbar.xib in Resources */,
				5D151BD522C4E0940095C8FC /* SignUp.storyboard in Resources */,
				5D151BBF22C4E0490095C8FC /* Message.storyboard in Resources */,
				5D151B9522C4DE020095C8FC /* Assets.xcassets in Resources */,
				5D151B9322C4DE010095C8FC /* Main.storyboard in Resources */,
			);
			runOnlyForDeploymentPostprocessing = 0;
		};
		5D151B9C22C4DE020095C8FC /* Resources */ = {
			isa = PBXResourcesBuildPhase;
			buildActionMask = 2147483647;
			files = (
			);
			runOnlyForDeploymentPostprocessing = 0;
		};
/* End PBXResourcesBuildPhase section */

/* Begin PBXShellScriptBuildPhase section */
		26B0855868BFC4387224456E /* [CP] Embed Pods Frameworks */ = {
			isa = PBXShellScriptBuildPhase;
			buildActionMask = 2147483647;
			files = (
			);
			inputFileListPaths = (
				"${PODS_ROOT}/Target Support Files/Pods-RxSwiftChatSample/Pods-RxSwiftChatSample-frameworks-${CONFIGURATION}-input-files.xcfilelist",
			);
			name = "[CP] Embed Pods Frameworks";
			outputFileListPaths = (
				"${PODS_ROOT}/Target Support Files/Pods-RxSwiftChatSample/Pods-RxSwiftChatSample-frameworks-${CONFIGURATION}-output-files.xcfilelist",
			);
			runOnlyForDeploymentPostprocessing = 0;
			shellPath = /bin/sh;
			shellScript = "\"${PODS_ROOT}/Target Support Files/Pods-RxSwiftChatSample/Pods-RxSwiftChatSample-frameworks.sh\"\n";
			showEnvVarsInLog = 0;
		};
		360F217976C8AE721D0759B8 /* [CP] Copy Pods Resources */ = {
			isa = PBXShellScriptBuildPhase;
			buildActionMask = 2147483647;
			files = (
			);
			inputFileListPaths = (
				"${PODS_ROOT}/Target Support Files/Pods-RxSwiftChatSampleTests/Pods-RxSwiftChatSampleTests-resources-${CONFIGURATION}-input-files.xcfilelist",
			);
			name = "[CP] Copy Pods Resources";
			outputFileListPaths = (
				"${PODS_ROOT}/Target Support Files/Pods-RxSwiftChatSampleTests/Pods-RxSwiftChatSampleTests-resources-${CONFIGURATION}-output-files.xcfilelist",
			);
			runOnlyForDeploymentPostprocessing = 0;
			shellPath = /bin/sh;
			shellScript = "\"${PODS_ROOT}/Target Support Files/Pods-RxSwiftChatSampleTests/Pods-RxSwiftChatSampleTests-resources.sh\"\n";
			showEnvVarsInLog = 0;
		};
		851B1560A76E1D1D4A6C3639 /* [CP] Check Pods Manifest.lock */ = {
			isa = PBXShellScriptBuildPhase;
			buildActionMask = 2147483647;
			files = (
			);
			inputPaths = (
				"${PODS_PODFILE_DIR_PATH}/Podfile.lock",
				"${PODS_ROOT}/Manifest.lock",
			);
			name = "[CP] Check Pods Manifest.lock";
			outputPaths = (
				"$(DERIVED_FILE_DIR)/Pods-RxSwiftChatSample-checkManifestLockResult.txt",
			);
			runOnlyForDeploymentPostprocessing = 0;
			shellPath = /bin/sh;
			shellScript = "diff \"${PODS_PODFILE_DIR_PATH}/Podfile.lock\" \"${PODS_ROOT}/Manifest.lock\" > /dev/null\nif [ $? != 0 ] ; then\n    # print error to STDERR\n    echo \"error: The sandbox is not in sync with the Podfile.lock. Run 'pod install' or update your CocoaPods installation.\" >&2\n    exit 1\nfi\n# This output is used by Xcode 'outputs' to avoid re-running this script phase.\necho \"SUCCESS\" > \"${SCRIPT_OUTPUT_FILE_0}\"\n";
			showEnvVarsInLog = 0;
		};
		9933FC1AF7C5BD215634AC24 /* [CP] Copy Pods Resources */ = {
			isa = PBXShellScriptBuildPhase;
			buildActionMask = 2147483647;
			files = (
			);
			inputFileListPaths = (
				"${PODS_ROOT}/Target Support Files/Pods-RxSwiftChatSample/Pods-RxSwiftChatSample-resources-${CONFIGURATION}-input-files.xcfilelist",
			);
			name = "[CP] Copy Pods Resources";
			outputFileListPaths = (
				"${PODS_ROOT}/Target Support Files/Pods-RxSwiftChatSample/Pods-RxSwiftChatSample-resources-${CONFIGURATION}-output-files.xcfilelist",
			);
			runOnlyForDeploymentPostprocessing = 0;
			shellPath = /bin/sh;
			shellScript = "\"${PODS_ROOT}/Target Support Files/Pods-RxSwiftChatSample/Pods-RxSwiftChatSample-resources.sh\"\n";
			showEnvVarsInLog = 0;
		};
		B4848F84868BCC22F960A32E /* [CP] Check Pods Manifest.lock */ = {
			isa = PBXShellScriptBuildPhase;
			buildActionMask = 2147483647;
			files = (
			);
			inputPaths = (
				"${PODS_PODFILE_DIR_PATH}/Podfile.lock",
				"${PODS_ROOT}/Manifest.lock",
			);
			name = "[CP] Check Pods Manifest.lock";
			outputPaths = (
				"$(DERIVED_FILE_DIR)/Pods-RxSwiftChatSampleTests-checkManifestLockResult.txt",
			);
			runOnlyForDeploymentPostprocessing = 0;
			shellPath = /bin/sh;
			shellScript = "diff \"${PODS_PODFILE_DIR_PATH}/Podfile.lock\" \"${PODS_ROOT}/Manifest.lock\" > /dev/null\nif [ $? != 0 ] ; then\n    # print error to STDERR\n    echo \"error: The sandbox is not in sync with the Podfile.lock. Run 'pod install' or update your CocoaPods installation.\" >&2\n    exit 1\nfi\n# This output is used by Xcode 'outputs' to avoid re-running this script phase.\necho \"SUCCESS\" > \"${SCRIPT_OUTPUT_FILE_0}\"\n";
			showEnvVarsInLog = 0;
		};
		EA3226EE320B9797BEC8A83A /* [CP] Embed Pods Frameworks */ = {
			isa = PBXShellScriptBuildPhase;
			buildActionMask = 2147483647;
			files = (
			);
			inputFileListPaths = (
				"${PODS_ROOT}/Target Support Files/Pods-RxSwiftChatSampleTests/Pods-RxSwiftChatSampleTests-frameworks-${CONFIGURATION}-input-files.xcfilelist",
			);
			name = "[CP] Embed Pods Frameworks";
			outputFileListPaths = (
				"${PODS_ROOT}/Target Support Files/Pods-RxSwiftChatSampleTests/Pods-RxSwiftChatSampleTests-frameworks-${CONFIGURATION}-output-files.xcfilelist",
			);
			runOnlyForDeploymentPostprocessing = 0;
			shellPath = /bin/sh;
			shellScript = "\"${PODS_ROOT}/Target Support Files/Pods-RxSwiftChatSampleTests/Pods-RxSwiftChatSampleTests-frameworks.sh\"\n";
			showEnvVarsInLog = 0;
		};
/* End PBXShellScriptBuildPhase section */

/* Begin PBXSourcesBuildPhase section */
		5D151B8622C4DE010095C8FC /* Sources */ = {
			isa = PBXSourcesBuildPhase;
			buildActionMask = 2147483647;
			files = (
				5D151B9022C4DE010095C8FC /* ViewController.swift in Sources */,
				5D151BC122C4E0490095C8FC /* MessageCell.swift in Sources */,
				5D151BC722C4E05B0095C8FC /* MessageViewModel.swift in Sources */,
				5D151BC322C4E0490095C8FC /* InputToolbarView.swift in Sources */,
				5D151BDD22C4E0B00095C8FC /* SignUpViewModel.swift in Sources */,
				5D151B8E22C4DE010095C8FC /* AppDelegate.swift in Sources */,
				5D151BB422C4E01B0095C8FC /* ProgressHudEnable.swift in Sources */,
				5D151BB222C4E01B0095C8FC /* ErrorAlertEnable.swift in Sources */,
				5D151BCD22C4E06A0095C8FC /* MessageListener.swift in Sources */,
				5D3CAEBE22C5D834007CE809 /* CurrentUser.swift in Sources */,
				5D151BCF22C4E06A0095C8FC /* PostDefaultAPI.swift in Sources */,
				5D151BD422C4E0940095C8FC /* SignUpViewController.swift in Sources */,
				5D151BB522C4E01B0095C8FC /* ActivityIndicator.swift in Sources */,
				5D151BCE22C4E06A0095C8FC /* Message.swift in Sources */,
				5D151BD922C4E0A20095C8FC /* SignUpValidator.swift in Sources */,
				5D151BC822C4E05B0095C8FC /* InputToolbarViewModel.swift in Sources */,
				5D151BDA22C4E0A20095C8FC /* SignUpDefaultAPI.swift in Sources */,
				5D151BB322C4E01B0095C8FC /* Protocols.swift in Sources */,
				5D151BC022C4E0490095C8FC /* MessageViewController.swift in Sources */,
			);
			runOnlyForDeploymentPostprocessing = 0;
		};
		5D151B9A22C4DE020095C8FC /* Sources */ = {
			isa = PBXSourcesBuildPhase;
			buildActionMask = 2147483647;
			files = (
				5D151BA322C4DE020095C8FC /* RxSwiftChatSampleTests.swift in Sources */,
			);
			runOnlyForDeploymentPostprocessing = 0;
		};
/* End PBXSourcesBuildPhase section */

/* Begin PBXTargetDependency section */
		5D151BA022C4DE020095C8FC /* PBXTargetDependency */ = {
			isa = PBXTargetDependency;
			target = 5D151B8922C4DE010095C8FC /* RxSwiftChatSample */;
			targetProxy = 5D151B9F22C4DE020095C8FC /* PBXContainerItemProxy */;
		};
/* End PBXTargetDependency section */

/* Begin PBXVariantGroup section */
		5D151B9122C4DE010095C8FC /* Main.storyboard */ = {
			isa = PBXVariantGroup;
			children = (
				5D151B9222C4DE010095C8FC /* Base */,
			);
			name = Main.storyboard;
			sourceTree = "<group>";
		};
		5D151B9622C4DE020095C8FC /* LaunchScreen.storyboard */ = {
			isa = PBXVariantGroup;
			children = (
				5D151B9722C4DE020095C8FC /* Base */,
			);
			name = LaunchScreen.storyboard;
			sourceTree = "<group>";
		};
/* End PBXVariantGroup section */

/* Begin XCBuildConfiguration section */
		5D151BA522C4DE020095C8FC /* Debug */ = {
			isa = XCBuildConfiguration;
			buildSettings = {
				ALWAYS_SEARCH_USER_PATHS = NO;
				CLANG_ANALYZER_NONNULL = YES;
				CLANG_ANALYZER_NUMBER_OBJECT_CONVERSION = YES_AGGRESSIVE;
				CLANG_CXX_LANGUAGE_STANDARD = "gnu++14";
				CLANG_CXX_LIBRARY = "libc++";
				CLANG_ENABLE_MODULES = YES;
				CLANG_ENABLE_OBJC_ARC = YES;
				CLANG_ENABLE_OBJC_WEAK = YES;
				CLANG_WARN_BLOCK_CAPTURE_AUTORELEASING = YES;
				CLANG_WARN_BOOL_CONVERSION = YES;
				CLANG_WARN_COMMA = YES;
				CLANG_WARN_CONSTANT_CONVERSION = YES;
				CLANG_WARN_DEPRECATED_OBJC_IMPLEMENTATIONS = YES;
				CLANG_WARN_DIRECT_OBJC_ISA_USAGE = YES_ERROR;
				CLANG_WARN_DOCUMENTATION_COMMENTS = YES;
				CLANG_WARN_EMPTY_BODY = YES;
				CLANG_WARN_ENUM_CONVERSION = YES;
				CLANG_WARN_INFINITE_RECURSION = YES;
				CLANG_WARN_INT_CONVERSION = YES;
				CLANG_WARN_NON_LITERAL_NULL_CONVERSION = YES;
				CLANG_WARN_OBJC_IMPLICIT_RETAIN_SELF = YES;
				CLANG_WARN_OBJC_LITERAL_CONVERSION = YES;
				CLANG_WARN_OBJC_ROOT_CLASS = YES_ERROR;
				CLANG_WARN_RANGE_LOOP_ANALYSIS = YES;
				CLANG_WARN_STRICT_PROTOTYPES = YES;
				CLANG_WARN_SUSPICIOUS_MOVE = YES;
				CLANG_WARN_UNGUARDED_AVAILABILITY = YES_AGGRESSIVE;
				CLANG_WARN_UNREACHABLE_CODE = YES;
				CLANG_WARN__DUPLICATE_METHOD_MATCH = YES;
				CODE_SIGN_IDENTITY = "iPhone Developer";
				COPY_PHASE_STRIP = NO;
				DEBUG_INFORMATION_FORMAT = dwarf;
				ENABLE_STRICT_OBJC_MSGSEND = YES;
				ENABLE_TESTABILITY = YES;
				GCC_C_LANGUAGE_STANDARD = gnu11;
				GCC_DYNAMIC_NO_PIC = NO;
				GCC_NO_COMMON_BLOCKS = YES;
				GCC_OPTIMIZATION_LEVEL = 0;
				GCC_PREPROCESSOR_DEFINITIONS = (
					"DEBUG=1",
					"$(inherited)",
				);
				GCC_WARN_64_TO_32_BIT_CONVERSION = YES;
				GCC_WARN_ABOUT_RETURN_TYPE = YES_ERROR;
				GCC_WARN_UNDECLARED_SELECTOR = YES;
				GCC_WARN_UNINITIALIZED_AUTOS = YES_AGGRESSIVE;
				GCC_WARN_UNUSED_FUNCTION = YES;
				GCC_WARN_UNUSED_VARIABLE = YES;
				IPHONEOS_DEPLOYMENT_TARGET = 12.1;
				MTL_ENABLE_DEBUG_INFO = INCLUDE_SOURCE;
				MTL_FAST_MATH = YES;
				ONLY_ACTIVE_ARCH = YES;
				SDKROOT = iphoneos;
				SWIFT_ACTIVE_COMPILATION_CONDITIONS = DEBUG;
				SWIFT_OPTIMIZATION_LEVEL = "-Onone";
			};
			name = Debug;
		};
		5D151BA622C4DE020095C8FC /* Release */ = {
			isa = XCBuildConfiguration;
			buildSettings = {
				ALWAYS_SEARCH_USER_PATHS = NO;
				CLANG_ANALYZER_NONNULL = YES;
				CLANG_ANALYZER_NUMBER_OBJECT_CONVERSION = YES_AGGRESSIVE;
				CLANG_CXX_LANGUAGE_STANDARD = "gnu++14";
				CLANG_CXX_LIBRARY = "libc++";
				CLANG_ENABLE_MODULES = YES;
				CLANG_ENABLE_OBJC_ARC = YES;
				CLANG_ENABLE_OBJC_WEAK = YES;
				CLANG_WARN_BLOCK_CAPTURE_AUTORELEASING = YES;
				CLANG_WARN_BOOL_CONVERSION = YES;
				CLANG_WARN_COMMA = YES;
				CLANG_WARN_CONSTANT_CONVERSION = YES;
				CLANG_WARN_DEPRECATED_OBJC_IMPLEMENTATIONS = YES;
				CLANG_WARN_DIRECT_OBJC_ISA_USAGE = YES_ERROR;
				CLANG_WARN_DOCUMENTATION_COMMENTS = YES;
				CLANG_WARN_EMPTY_BODY = YES;
				CLANG_WARN_ENUM_CONVERSION = YES;
				CLANG_WARN_INFINITE_RECURSION = YES;
				CLANG_WARN_INT_CONVERSION = YES;
				CLANG_WARN_NON_LITERAL_NULL_CONVERSION = YES;
				CLANG_WARN_OBJC_IMPLICIT_RETAIN_SELF = YES;
				CLANG_WARN_OBJC_LITERAL_CONVERSION = YES;
				CLANG_WARN_OBJC_ROOT_CLASS = YES_ERROR;
				CLANG_WARN_RANGE_LOOP_ANALYSIS = YES;
				CLANG_WARN_STRICT_PROTOTYPES = YES;
				CLANG_WARN_SUSPICIOUS_MOVE = YES;
				CLANG_WARN_UNGUARDED_AVAILABILITY = YES_AGGRESSIVE;
				CLANG_WARN_UNREACHABLE_CODE = YES;
				CLANG_WARN__DUPLICATE_METHOD_MATCH = YES;
				CODE_SIGN_IDENTITY = "iPhone Developer";
				COPY_PHASE_STRIP = NO;
				DEBUG_INFORMATION_FORMAT = "dwarf-with-dsym";
				ENABLE_NS_ASSERTIONS = NO;
				ENABLE_STRICT_OBJC_MSGSEND = YES;
				GCC_C_LANGUAGE_STANDARD = gnu11;
				GCC_NO_COMMON_BLOCKS = YES;
				GCC_WARN_64_TO_32_BIT_CONVERSION = YES;
				GCC_WARN_ABOUT_RETURN_TYPE = YES_ERROR;
				GCC_WARN_UNDECLARED_SELECTOR = YES;
				GCC_WARN_UNINITIALIZED_AUTOS = YES_AGGRESSIVE;
				GCC_WARN_UNUSED_FUNCTION = YES;
				GCC_WARN_UNUSED_VARIABLE = YES;
				IPHONEOS_DEPLOYMENT_TARGET = 12.1;
				MTL_ENABLE_DEBUG_INFO = NO;
				MTL_FAST_MATH = YES;
				SDKROOT = iphoneos;
				SWIFT_COMPILATION_MODE = wholemodule;
				SWIFT_OPTIMIZATION_LEVEL = "-O";
				VALIDATE_PRODUCT = YES;
			};
			name = Release;
		};
		5D151BA822C4DE020095C8FC /* Debug */ = {
			isa = XCBuildConfiguration;
			baseConfigurationReference = EBA849719050CED0484216E9 /* Pods-RxSwiftChatSample.debug.xcconfig */;
			buildSettings = {
				ASSETCATALOG_COMPILER_APPICON_NAME = AppIcon;
				CODE_SIGN_STYLE = Automatic;
				DEVELOPMENT_TEAM = L37QDG4F27;
				INFOPLIST_FILE = RxSwiftChatSample/Info.plist;
				LD_RUNPATH_SEARCH_PATHS = (
					"$(inherited)",
					"@executable_path/Frameworks",
				);
				PRODUCT_BUNDLE_IDENTIFIER = com.bunguu.RxSwiftChatSample;
				PRODUCT_NAME = "$(TARGET_NAME)";
				SWIFT_VERSION = 5.0;
				TARGETED_DEVICE_FAMILY = "1,2";
			};
			name = Debug;
		};
		5D151BA922C4DE020095C8FC /* Release */ = {
			isa = XCBuildConfiguration;
			baseConfigurationReference = E66678813FADEF88057C1890 /* Pods-RxSwiftChatSample.release.xcconfig */;
			buildSettings = {
				ASSETCATALOG_COMPILER_APPICON_NAME = AppIcon;
				CODE_SIGN_STYLE = Automatic;
				DEVELOPMENT_TEAM = L37QDG4F27;
				INFOPLIST_FILE = RxSwiftChatSample/Info.plist;
				LD_RUNPATH_SEARCH_PATHS = (
					"$(inherited)",
					"@executable_path/Frameworks",
				);
				PRODUCT_BUNDLE_IDENTIFIER = com.bunguu.RxSwiftChatSample;
				PRODUCT_NAME = "$(TARGET_NAME)";
				SWIFT_VERSION = 5.0;
				TARGETED_DEVICE_FAMILY = "1,2";
			};
			name = Release;
		};
		5D151BAB22C4DE020095C8FC /* Debug */ = {
			isa = XCBuildConfiguration;
			baseConfigurationReference = 4BDA82CEC2F90516CFEC85C1 /* Pods-RxSwiftChatSampleTests.debug.xcconfig */;
			buildSettings = {
				ALWAYS_EMBED_SWIFT_STANDARD_LIBRARIES = YES;
				BUNDLE_LOADER = "$(TEST_HOST)";
				CODE_SIGN_STYLE = Automatic;
				DEVELOPMENT_TEAM = L37QDG4F27;
				INFOPLIST_FILE = RxSwiftChatSampleTests/Info.plist;
				LD_RUNPATH_SEARCH_PATHS = (
					"$(inherited)",
					"@executable_path/Frameworks",
					"@loader_path/Frameworks",
				);
				PRODUCT_BUNDLE_IDENTIFIER = com.bunguu.RxSwiftChatSampleTests;
				PRODUCT_NAME = "$(TARGET_NAME)";
				SWIFT_VERSION = 5.0;
				TARGETED_DEVICE_FAMILY = "1,2";
				TEST_HOST = "$(BUILT_PRODUCTS_DIR)/RxSwiftChatSample.app/RxSwiftChatSample";
			};
			name = Debug;
		};
		5D151BAC22C4DE020095C8FC /* Release */ = {
			isa = XCBuildConfiguration;
			baseConfigurationReference = 5BE395CC33EEFAF0AE66FBAC /* Pods-RxSwiftChatSampleTests.release.xcconfig */;
			buildSettings = {
				ALWAYS_EMBED_SWIFT_STANDARD_LIBRARIES = YES;
				BUNDLE_LOADER = "$(TEST_HOST)";
				CODE_SIGN_STYLE = Automatic;
				DEVELOPMENT_TEAM = L37QDG4F27;
				INFOPLIST_FILE = RxSwiftChatSampleTests/Info.plist;
				LD_RUNPATH_SEARCH_PATHS = (
					"$(inherited)",
					"@executable_path/Frameworks",
					"@loader_path/Frameworks",
				);
				PRODUCT_BUNDLE_IDENTIFIER = com.bunguu.RxSwiftChatSampleTests;
				PRODUCT_NAME = "$(TARGET_NAME)";
				SWIFT_VERSION = 5.0;
				TARGETED_DEVICE_FAMILY = "1,2";
				TEST_HOST = "$(BUILT_PRODUCTS_DIR)/RxSwiftChatSample.app/RxSwiftChatSample";
			};
			name = Release;
		};
/* End XCBuildConfiguration section */

/* Begin XCConfigurationList section */
		5D151B8522C4DE010095C8FC /* Build configuration list for PBXProject "RxSwiftChatSample" */ = {
			isa = XCConfigurationList;
			buildConfigurations = (
				5D151BA522C4DE020095C8FC /* Debug */,
				5D151BA622C4DE020095C8FC /* Release */,
			);
			defaultConfigurationIsVisible = 0;
			defaultConfigurationName = Release;
		};
		5D151BA722C4DE020095C8FC /* Build configuration list for PBXNativeTarget "RxSwiftChatSample" */ = {
			isa = XCConfigurationList;
			buildConfigurations = (
				5D151BA822C4DE020095C8FC /* Debug */,
				5D151BA922C4DE020095C8FC /* Release */,
			);
			defaultConfigurationIsVisible = 0;
			defaultConfigurationName = Release;
		};
		5D151BAA22C4DE020095C8FC /* Build configuration list for PBXNativeTarget "RxSwiftChatSampleTests" */ = {
			isa = XCConfigurationList;
			buildConfigurations = (
				5D151BAB22C4DE020095C8FC /* Debug */,
				5D151BAC22C4DE020095C8FC /* Release */,
			);
			defaultConfigurationIsVisible = 0;
			defaultConfigurationName = Release;
		};
/* End XCConfigurationList section */
	};
	rootObject = 5D151B8222C4DE010095C8FC /* Project object */;
}
